// !$*UTF8*$!
{
	archiveVersion = 1;
	classes = {
	};
	objectVersion = 77;
	objects = {

/* Begin PBXContainerItemProxy section */
		EB4C5A002D82E11B003C8B42 /* PBXContainerItemProxy */ = {
			isa = PBXContainerItemProxy;
			containerPortal = EB4C59E72D82E118003C8B42 /* Project object */;
			proxyType = 1;
			remoteGlobalIDString = EB4C59EE2D82E118003C8B42;
			remoteInfo = SwiftUILearningApp;
		};
		EB4C5A0A2D82E11B003C8B42 /* PBXContainerItemProxy */ = {
			isa = PBXContainerItemProxy;
			containerPortal = EB4C59E72D82E118003C8B42 /* Project object */;
			proxyType = 1;
			remoteGlobalIDString = EB4C59EE2D82E118003C8B42;
			remoteInfo = SwiftUILearningApp;
		};
/* End PBXContainerItemProxy section */

/* Begin PBXFileReference section */
		EB4C59EF2D82E118003C8B42 /* SwiftUILearningApp.app */ = {isa = PBXFileReference; explicitFileType = wrapper.application; includeInIndex = 0; path = SwiftUILearningApp.app; sourceTree = BUILT_PRODUCTS_DIR; };
		EB4C59FF2D82E11B003C8B42 /* SwiftUILearningAppTests.xctest */ = {isa = PBXFileReference; explicitFileType = wrapper.cfbundle; includeInIndex = 0; path = SwiftUILearningAppTests.xctest; sourceTree = BUILT_PRODUCTS_DIR; };
		EB4C5A092D82E11B003C8B42 /* SwiftUILearningAppUITests.xctest */ = {isa = PBXFileReference; explicitFileType = wrapper.cfbundle; includeInIndex = 0; path = SwiftUILearningAppUITests.xctest; sourceTree = BUILT_PRODUCTS_DIR; };
/* End PBXFileReference section */

/* Begin PBXFileSystemSynchronizedRootGroup section */
		EB4C59F12D82E118003C8B42 /* SwiftUILearningApp */ = {
			isa = PBXFileSystemSynchronizedRootGroup;
			path = SwiftUILearningApp;
			sourceTree = "<group>";
		};
		EB4C5A022D82E11B003C8B42 /* SwiftUILearningAppTests */ = {
			isa = PBXFileSystemSynchronizedRootGroup;
			path = SwiftUILearningAppTests;
			sourceTree = "<group>";
		};
		EB4C5A0C2D82E11B003C8B42 /* SwiftUILearningAppUITests */ = {
			isa = PBXFileSystemSynchronizedRootGroup;
			path = SwiftUILearningAppUITests;
			sourceTree = "<group>";
		};
/* End PBXFileSystemSynchronizedRootGroup section */

/* Begin PBXFrameworksBuildPhase section */
		EB4C59EC2D82E118003C8B42 /* Frameworks */ = {
			isa = PBXFrameworksBuildPhase;
			buildActionMask = 2147483647;
			files = (
			);
			runOnlyForDeploymentPostprocessing = 0;
		};
		EB4C59FC2D82E11B003C8B42 /* Frameworks */ = {
			isa = PBXFrameworksBuildPhase;
			buildActionMask = 2147483647;
			files = (
			);
			runOnlyForDeploymentPostprocessing = 0;
		};
		EB4C5A062D82E11B003C8B42 /* Frameworks */ = {
			isa = PBXFrameworksBuildPhase;
			buildActionMask = 2147483647;
			files = (
			);
			runOnlyForDeploymentPostprocessing = 0;
		};
/* End PBXFrameworksBuildPhase section */

/* Begin PBXGroup section */
		EB4C59E62D82E118003C8B42 = {
			isa = PBXGroup;
			children = (
				EB4C59F12D82E118003C8B42 /* SwiftUILearningApp */,
				EB4C5A022D82E11B003C8B42 /* SwiftUILearningAppTests */,
				EB4C5A0C2D82E11B003C8B42 /* SwiftUILearningAppUITests */,
				EB4C59F02D82E118003C8B42 /* Products */,
			);
			sourceTree = "<group>";
		};
		EB4C59F02D82E118003C8B42 /* Products */ = {
			isa = PBXGroup;
			children = (
				EB4C59EF2D82E118003C8B42 /* SwiftUILearningApp.app */,
				EB4C59FF2D82E11B003C8B42 /* SwiftUILearningAppTests.xctest */,
				EB4C5A092D82E11B003C8B42 /* SwiftUILearningAppUITests.xctest */,
			);
			name = Products;
			sourceTree = "<group>";
		};
/* End PBXGroup section */

/* Begin PBXNativeTarget section */
		EB4C59EE2D82E118003C8B42 /* SwiftUILearningApp */ = {
			isa = PBXNativeTarget;
			buildConfigurationList = EB4C5A132D82E11B003C8B42 /* Build configuration list for PBXNativeTarget "SwiftUILearningApp" */;
			buildPhases = (
				EB4C59EB2D82E118003C8B42 /* Sources */,
				EB4C59EC2D82E118003C8B42 /* Frameworks */,
				EB4C59ED2D82E118003C8B42 /* Resources */,
			);
			buildRules = (
			);
			dependencies = (
			);
			fileSystemSynchronizedGroups = (
				EB4C59F12D82E118003C8B42 /* SwiftUILearningApp */,
			);
			name = SwiftUILearningApp;
			packageProductDependencies = (
			);
			productName = SwiftUILearningApp;
			productReference = EB4C59EF2D82E118003C8B42 /* SwiftUILearningApp.app */;
			productType = "com.apple.product-type.application";
		};
		EB4C59FE2D82E11B003C8B42 /* SwiftUILearningAppTests */ = {
			isa = PBXNativeTarget;
			buildConfigurationList = EB4C5A162D82E11B003C8B42 /* Build configuration list for PBXNativeTarget "SwiftUILearningAppTests" */;
			buildPhases = (
				EB4C59FB2D82E11B003C8B42 /* Sources */,
				EB4C59FC2D82E11B003C8B42 /* Frameworks */,
				EB4C59FD2D82E11B003C8B42 /* Resources */,
			);
			buildRules = (
			);
			dependencies = (
				EB4C5A012D82E11B003C8B42 /* PBXTargetDependency */,
			);
			fileSystemSynchronizedGroups = (
				EB4C5A022D82E11B003C8B42 /* SwiftUILearningAppTests */,
			);
			name = SwiftUILearningAppTests;
			packageProductDependencies = (
			);
			productName = SwiftUILearningAppTests;
			productReference = EB4C59FF2D82E11B003C8B42 /* SwiftUILearningAppTests.xctest */;
			productType = "com.apple.product-type.bundle.unit-test";
		};
		EB4C5A082D82E11B003C8B42 /* SwiftUILearningAppUITests */ = {
			isa = PBXNativeTarget;
			buildConfigurationList = EB4C5A192D82E11B003C8B42 /* Build configuration list for PBXNativeTarget "SwiftUILearningAppUITests" */;
			buildPhases = (
				EB4C5A052D82E11B003C8B42 /* Sources */,
				EB4C5A062D82E11B003C8B42 /* Frameworks */,
				EB4C5A072D82E11B003C8B42 /* Resources */,
			);
			buildRules = (
			);
			dependencies = (
				EB4C5A0B2D82E11B003C8B42 /* PBXTargetDependency */,
			);
			fileSystemSynchronizedGroups = (
				EB4C5A0C2D82E11B003C8B42 /* SwiftUILearningAppUITests */,
			);
			name = SwiftUILearningAppUITests;
			packageProductDependencies = (
			);
			productName = SwiftUILearningAppUITests;
			productReference = EB4C5A092D82E11B003C8B42 /* SwiftUILearningAppUITests.xctest */;
			productType = "com.apple.product-type.bundle.ui-testing";
		};
/* End PBXNativeTarget section */

/* Begin PBXProject section */
		EB4C59E72D82E118003C8B42 /* Project object */ = {
			isa = PBXProject;
			attributes = {
				BuildIndependentTargetsInParallel = 1;
				LastSwiftUpdateCheck = 1620;
				LastUpgradeCheck = 1620;
				TargetAttributes = {
					EB4C59EE2D82E118003C8B42 = {
						CreatedOnToolsVersion = 16.2;
					};
					EB4C59FE2D82E11B003C8B42 = {
						CreatedOnToolsVersion = 16.2;
						TestTargetID = EB4C59EE2D82E118003C8B42;
					};
					EB4C5A082D82E11B003C8B42 = {
						CreatedOnToolsVersion = 16.2;
						TestTargetID = EB4C59EE2D82E118003C8B42;
					};
				};
			};
			buildConfigurationList = EB4C59EA2D82E118003C8B42 /* Build configuration list for PBXProject "SwiftUILearningApp" */;
			developmentRegion = en;
			hasScannedForEncodings = 0;
			knownRegions = (
				en,
				Base,
			);
			mainGroup = EB4C59E62D82E118003C8B42;
			minimizedProjectReferenceProxies = 1;
			preferredProjectObjectVersion = 77;
			productRefGroup = EB4C59F02D82E118003C8B42 /* Products */;
			projectDirPath = "";
			projectRoot = "";
			targets = (
				EB4C59EE2D82E118003C8B42 /* SwiftUILearningApp */,
				EB4C59FE2D82E11B003C8B42 /* SwiftUILearningAppTests */,
				EB4C5A082D82E11B003C8B42 /* SwiftUILearningAppUITests */,
			);
		};
/* End PBXProject section */

/* Begin PBXResourcesBuildPhase section */
		EB4C59ED2D82E118003C8B42 /* Resources */ = {
			isa = PBXResourcesBuildPhase;
			buildActionMask = 2147483647;
			files = (
			);
			runOnlyForDeploymentPostprocessing = 0;
		};
		EB4C59FD2D82E11B003C8B42 /* Resources */ = {
			isa = PBXResourcesBuildPhase;
			buildActionMask = 2147483647;
			files = (
			);
			runOnlyForDeploymentPostprocessing = 0;
		};
		EB4C5A072D82E11B003C8B42 /* Resources */ = {
			isa = PBXResourcesBuildPhase;
			buildActionMask = 2147483647;
			files = (
			);
			runOnlyForDeploymentPostprocessing = 0;
		};
/* End PBXResourcesBuildPhase section */

/* Begin PBXSourcesBuildPhase section */
		EB4C59EB2D82E118003C8B42 /* Sources */ = {
			isa = PBXSourcesBuildPhase;
			buildActionMask = 2147483647;
			files = (
			);
			runOnlyForDeploymentPostprocessing = 0;
		};
		EB4C59FB2D82E11B003C8B42 /* Sources */ = {
			isa = PBXSourcesBuildPhase;
			buildActionMask = 2147483647;
			files = (
			);
			runOnlyForDeploymentPostprocessing = 0;
		};
		EB4C5A052D82E11B003C8B42 /* Sources */ = {
			isa = PBXSourcesBuildPhase;
			buildActionMask = 2147483647;
			files = (
			);
			runOnlyForDeploymentPostprocessing = 0;
		};
/* End PBXSourcesBuildPhase section */

/* Begin PBXTargetDependency section */
		EB4C5A012D82E11B003C8B42 /* PBXTargetDependency */ = {
			isa = PBXTargetDependency;
			target = EB4C59EE2D82E118003C8B42 /* SwiftUILearningApp */;
			targetProxy = EB4C5A002D82E11B003C8B42 /* PBXContainerItemProxy */;
		};
		EB4C5A0B2D82E11B003C8B42 /* PBXTargetDependency */ = {
			isa = PBXTargetDependency;
			target = EB4C59EE2D82E118003C8B42 /* SwiftUILearningApp */;
			targetProxy = EB4C5A0A2D82E11B003C8B42 /* PBXContainerItemProxy */;
		};
/* End PBXTargetDependency section */

/* Begin XCBuildConfiguration section */
		EB4C5A112D82E11B003C8B42 /* Debug */ = {
			isa = XCBuildConfiguration;
			buildSettings = {
				ALWAYS_SEARCH_USER_PATHS = NO;
				ASSETCATALOG_COMPILER_GENERATE_SWIFT_ASSET_SYMBOL_EXTENSIONS = YES;
				CLANG_ANALYZER_NONNULL = YES;
				CLANG_ANALYZER_NUMBER_OBJECT_CONVERSION = YES_AGGRESSIVE;
				CLANG_CXX_LANGUAGE_STANDARD = "gnu++20";
				CLANG_ENABLE_MODULES = YES;
				CLANG_ENABLE_OBJC_ARC = YES;
				CLANG_ENABLE_OBJC_WEAK = YES;
				CLANG_WARN_BLOCK_CAPTURE_AUTORELEASING = YES;
				CLANG_WARN_BOOL_CONVERSION = YES;
				CLANG_WARN_COMMA = YES;
				CLANG_WARN_CONSTANT_CONVERSION = YES;
				CLANG_WARN_DEPRECATED_OBJC_IMPLEMENTATIONS = YES;
				CLANG_WARN_DIRECT_OBJC_ISA_USAGE = YES_ERROR;
				CLANG_WARN_DOCUMENTATION_COMMENTS = YES;
				CLANG_WARN_EMPTY_BODY = YES;
				CLANG_WARN_ENUM_CONVERSION = YES;
				CLANG_WARN_INFINITE_RECURSION = YES;
				CLANG_WARN_INT_CONVERSION = YES;
				CLANG_WARN_NON_LITERAL_NULL_CONVERSION = YES;
				CLANG_WARN_OBJC_IMPLICIT_RETAIN_SELF = YES;
				CLANG_WARN_OBJC_LITERAL_CONVERSION = YES;
				CLANG_WARN_OBJC_ROOT_CLASS = YES_ERROR;
				CLANG_WARN_QUOTED_INCLUDE_IN_FRAMEWORK_HEADER = YES;
				CLANG_WARN_RANGE_LOOP_ANALYSIS = YES;
				CLANG_WARN_STRICT_PROTOTYPES = YES;
				CLANG_WARN_SUSPICIOUS_MOVE = YES;
				CLANG_WARN_UNGUARDED_AVAILABILITY = YES_AGGRESSIVE;
				CLANG_WARN_UNREACHABLE_CODE = YES;
				CLANG_WARN__DUPLICATE_METHOD_MATCH = YES;
				COPY_PHASE_STRIP = NO;
				DEBUG_INFORMATION_FORMAT = dwarf;
				ENABLE_STRICT_OBJC_MSGSEND = YES;
				ENABLE_TESTABILITY = YES;
				ENABLE_USER_SCRIPT_SANDBOXING = YES;
				GCC_C_LANGUAGE_STANDARD = gnu17;
				GCC_DYNAMIC_NO_PIC = NO;
				GCC_NO_COMMON_BLOCKS = YES;
				GCC_OPTIMIZATION_LEVEL = 0;
				GCC_PREPROCESSOR_DEFINITIONS = (
					"DEBUG=1",
					"$(inherited)",
				);
				GCC_WARN_64_TO_32_BIT_CONVERSION = YES;
				GCC_WARN_ABOUT_RETURN_TYPE = YES_ERROR;
				GCC_WARN_UNDECLARED_SELECTOR = YES;
				GCC_WARN_UNINITIALIZED_AUTOS = YES_AGGRESSIVE;
				GCC_WARN_UNUSED_FUNCTION = YES;
				GCC_WARN_UNUSED_VARIABLE = YES;
				IPHONEOS_DEPLOYMENT_TARGET = 18.2;
				LOCALIZATION_PREFERS_STRING_CATALOGS = YES;
				MTL_ENABLE_DEBUG_INFO = INCLUDE_SOURCE;
				MTL_FAST_MATH = YES;
				ONLY_ACTIVE_ARCH = YES;
				SDKROOT = iphoneos;
				SWIFT_ACTIVE_COMPILATION_CONDITIONS = "DEBUG $(inherited)";
				SWIFT_OPTIMIZATION_LEVEL = "-Onone";
			};
			name = Debug;
		};
		EB4C5A122D82E11B003C8B42 /* Release */ = {
			isa = XCBuildConfiguration;
			buildSettings = {
				ALWAYS_SEARCH_USER_PATHS = NO;
				ASSETCATALOG_COMPILER_GENERATE_SWIFT_ASSET_SYMBOL_EXTENSIONS = YES;
				CLANG_ANALYZER_NONNULL = YES;
				CLANG_ANALYZER_NUMBER_OBJECT_CONVERSION = YES_AGGRESSIVE;
				CLANG_CXX_LANGUAGE_STANDARD = "gnu++20";
				CLANG_ENABLE_MODULES = YES;
				CLANG_ENABLE_OBJC_ARC = YES;
				CLANG_ENABLE_OBJC_WEAK = YES;
				CLANG_WARN_BLOCK_CAPTURE_AUTORELEASING = YES;
				CLANG_WARN_BOOL_CONVERSION = YES;
				CLANG_WARN_COMMA = YES;
				CLANG_WARN_CONSTANT_CONVERSION = YES;
				CLANG_WARN_DEPRECATED_OBJC_IMPLEMENTATIONS = YES;
				CLANG_WARN_DIRECT_OBJC_ISA_USAGE = YES_ERROR;
				CLANG_WARN_DOCUMENTATION_COMMENTS = YES;
				CLANG_WARN_EMPTY_BODY = YES;
				CLANG_WARN_ENUM_CONVERSION = YES;
				CLANG_WARN_INFINITE_RECURSION = YES;
				CLANG_WARN_INT_CONVERSION = YES;
				CLANG_WARN_NON_LITERAL_NULL_CONVERSION = YES;
				CLANG_WARN_OBJC_IMPLICIT_RETAIN_SELF = YES;
				CLANG_WARN_OBJC_LITERAL_CONVERSION = YES;
				CLANG_WARN_OBJC_ROOT_CLASS = YES_ERROR;
				CLANG_WARN_QUOTED_INCLUDE_IN_FRAMEWORK_HEADER = YES;
				CLANG_WARN_RANGE_LOOP_ANALYSIS = YES;
				CLANG_WARN_STRICT_PROTOTYPES = YES;
				CLANG_WARN_SUSPICIOUS_MOVE = YES;
				CLANG_WARN_UNGUARDED_AVAILABILITY = YES_AGGRESSIVE;
				CLANG_WARN_UNREACHABLE_CODE = YES;
				CLANG_WARN__DUPLICATE_METHOD_MATCH = YES;
				COPY_PHASE_STRIP = NO;
				DEBUG_INFORMATION_FORMAT = "dwarf-with-dsym";
				ENABLE_NS_ASSERTIONS = NO;
				ENABLE_STRICT_OBJC_MSGSEND = YES;
				ENABLE_USER_SCRIPT_SANDBOXING = YES;
				GCC_C_LANGUAGE_STANDARD = gnu17;
				GCC_NO_COMMON_BLOCKS = YES;
				GCC_WARN_64_TO_32_BIT_CONVERSION = YES;
				GCC_WARN_ABOUT_RETURN_TYPE = YES_ERROR;
				GCC_WARN_UNDECLARED_SELECTOR = YES;
				GCC_WARN_UNINITIALIZED_AUTOS = YES_AGGRESSIVE;
				GCC_WARN_UNUSED_FUNCTION = YES;
				GCC_WARN_UNUSED_VARIABLE = YES;
				IPHONEOS_DEPLOYMENT_TARGET = 18.2;
				LOCALIZATION_PREFERS_STRING_CATALOGS = YES;
				MTL_ENABLE_DEBUG_INFO = NO;
				MTL_FAST_MATH = YES;
				SDKROOT = iphoneos;
				SWIFT_COMPILATION_MODE = wholemodule;
				VALIDATE_PRODUCT = YES;
			};
			name = Release;
		};
		EB4C5A142D82E11B003C8B42 /* Debug */ = {
			isa = XCBuildConfiguration;
			buildSettings = {
				ASSETCATALOG_COMPILER_APPICON_NAME = AppIcon;
				ASSETCATALOG_COMPILER_GLOBAL_ACCENT_COLOR_NAME = AccentColor;
				CODE_SIGN_STYLE = Automatic;
				CURRENT_PROJECT_VERSION = 1;
				DEVELOPMENT_ASSET_PATHS = "\"SwiftUILearningApp/Preview Content\"";
				DEVELOPMENT_TEAM = Q68LBYP6VR;
				ENABLE_PREVIEWS = YES;
				GENERATE_INFOPLIST_FILE = YES;
				INFOPLIST_KEY_UIApplicationSceneManifest_Generation = YES;
				INFOPLIST_KEY_UIApplicationSupportsIndirectInputEvents = YES;
				INFOPLIST_KEY_UILaunchScreen_Generation = YES;
				INFOPLIST_KEY_UISupportedInterfaceOrientations_iPad = "UIInterfaceOrientationPortrait UIInterfaceOrientationPortraitUpsideDown UIInterfaceOrientationLandscapeLeft UIInterfaceOrientationLandscapeRight";
				INFOPLIST_KEY_UISupportedInterfaceOrientations_iPhone = "UIInterfaceOrientationPortrait UIInterfaceOrientationLandscapeLeft UIInterfaceOrientationLandscapeRight";
				LD_RUNPATH_SEARCH_PATHS = (
					"$(inherited)",
					"@executable_path/Frameworks",
				);
				MARKETING_VERSION = 1.0;
				PRODUCT_BUNDLE_IDENTIFIER = sai.SwiftUILearningApp;
				PRODUCT_NAME = "$(TARGET_NAME)";
				SWIFT_EMIT_LOC_STRINGS = YES;
				SWIFT_VERSION = 5.0;
				TARGETED_DEVICE_FAMILY = "1,2";
			};
			name = Debug;
		};
		EB4C5A152D82E11B003C8B42 /* Release */ = {
			isa = XCBuildConfiguration;
			buildSettings = {
				ASSETCATALOG_COMPILER_APPICON_NAME = AppIcon;
				ASSETCATALOG_COMPILER_GLOBAL_ACCENT_COLOR_NAME = AccentColor;
				CODE_SIGN_STYLE = Automatic;
				CURRENT_PROJECT_VERSION = 1;
				DEVELOPMENT_ASSET_PATHS = "\"SwiftUILearningApp/Preview Content\"";
				DEVELOPMENT_TEAM = Q68LBYP6VR;
				ENABLE_PREVIEWS = YES;
				GENERATE_INFOPLIST_FILE = YES;
				INFOPLIST_KEY_UIApplicationSceneManifest_Generation = YES;
				INFOPLIST_KEY_UIApplicationSupportsIndirectInputEvents = YES;
				INFOPLIST_KEY_UILaunchScreen_Generation = YES;
				INFOPLIST_KEY_UISupportedInterfaceOrientations_iPad = "UIInterfaceOrientationPortrait UIInterfaceOrientationPortraitUpsideDown UIInterfaceOrientationLandscapeLeft UIInterfaceOrientationLandscapeRight";
				INFOPLIST_KEY_UISupportedInterfaceOrientations_iPhone = "UIInterfaceOrientationPortrait UIInterfaceOrientationLandscapeLeft UIInterfaceOrientationLandscapeRight";
				LD_RUNPATH_SEARCH_PATHS = (
					"$(inherited)",
					"@executable_path/Frameworks",
				);
				MARKETING_VERSION = 1.0;
				PRODUCT_BUNDLE_IDENTIFIER = sai.SwiftUILearningApp;
				PRODUCT_NAME = "$(TARGET_NAME)";
				SWIFT_EMIT_LOC_STRINGS = YES;
				SWIFT_VERSION = 5.0;
				TARGETED_DEVICE_FAMILY = "1,2";
			};
			name = Release;
		};
		EB4C5A172D82E11B003C8B42 /* Debug */ = {
			isa = XCBuildConfiguration;
			buildSettings = {
				BUNDLE_LOADER = "$(TEST_HOST)";
				CODE_SIGN_STYLE = Automatic;
				CURRENT_PROJECT_VERSION = 1;
				DEVELOPMENT_TEAM = Q68LBYP6VR;
				GENERATE_INFOPLIST_FILE = YES;
				IPHONEOS_DEPLOYMENT_TARGET = 18.2;
				MARKETING_VERSION = 1.0;
				PRODUCT_BUNDLE_IDENTIFIER = sai.SwiftUILearningAppTests;
				PRODUCT_NAME = "$(TARGET_NAME)";
				SWIFT_EMIT_LOC_STRINGS = NO;
				SWIFT_VERSION = 5.0;
				TARGETED_DEVICE_FAMILY = "1,2";
				TEST_HOST = "$(BUILT_PRODUCTS_DIR)/SwiftUILearningApp.app/$(BUNDLE_EXECUTABLE_FOLDER_PATH)/SwiftUILearningApp";
			};
			name = Debug;
		};
		EB4C5A182D82E11B003C8B42 /* Release */ = {
			isa = XCBuildConfiguration;
			buildSettings = {
				BUNDLE_LOADER = "$(TEST_HOST)";
				CODE_SIGN_STYLE = Automatic;
				CURRENT_PROJECT_VERSION = 1;
				DEVELOPMENT_TEAM = Q68LBYP6VR;
				GENERATE_INFOPLIST_FILE = YES;
				IPHONEOS_DEPLOYMENT_TARGET = 18.2;
				MARKETING_VERSION = 1.0;
				PRODUCT_BUNDLE_IDENTIFIER = sai.SwiftUILearningAppTests;
				PRODUCT_NAME = "$(TARGET_NAME)";
				SWIFT_EMIT_LOC_STRINGS = NO;
				SWIFT_VERSION = 5.0;
				TARGETED_DEVICE_FAMILY = "1,2";
				TEST_HOST = "$(BUILT_PRODUCTS_DIR)/SwiftUILearningApp.app/$(BUNDLE_EXECUTABLE_FOLDER_PATH)/SwiftUILearningApp";
			};
			name = Release;
		};
		EB4C5A1A2D82E11B003C8B42 /* Debug */ = {
			isa = XCBuildConfiguration;
			buildSettings = {
				CODE_SIGN_STYLE = Automatic;
				CURRENT_PROJECT_VERSION = 1;
				DEVELOPMENT_TEAM = Q68LBYP6VR;
				GENERATE_INFOPLIST_FILE = YES;
				MARKETING_VERSION = 1.0;
				PRODUCT_BUNDLE_IDENTIFIER = sai.SwiftUILearningAppUITests;
				PRODUCT_NAME = "$(TARGET_NAME)";
				SWIFT_EMIT_LOC_STRINGS = NO;
				SWIFT_VERSION = 5.0;
				TARGETED_DEVICE_FAMILY = "1,2";
				TEST_TARGET_NAME = SwiftUILearningApp;
			};
			name = Debug;
		};
		EB4C5A1B2D82E11B003C8B42 /* Release */ = {
			isa = XCBuildConfiguration;
			buildSettings = {
				CODE_SIGN_STYLE = Automatic;
				CURRENT_PROJECT_VERSION = 1;
				DEVELOPMENT_TEAM = Q68LBYP6VR;
				GENERATE_INFOPLIST_FILE = YES;
				MARKETING_VERSION = 1.0;
				PRODUCT_BUNDLE_IDENTIFIER = sai.SwiftUILearningAppUITests;
				PRODUCT_NAME = "$(TARGET_NAME)";
				SWIFT_EMIT_LOC_STRINGS = NO;
				SWIFT_VERSION = 5.0;
				TARGETED_DEVICE_FAMILY = "1,2";
				TEST_TARGET_NAME = SwiftUILearningApp;
			};
			name = Release;
		};
/* End XCBuildConfiguration section */

/* Begin XCConfigurationList section */
		EB4C59EA2D82E118003C8B42 /* Build configuration list for PBXProject "SwiftUILearningApp" */ = {
			isa = XCConfigurationList;
			buildConfigurations = (
				EB4C5A112D82E11B003C8B42 /* Debug */,
				EB4C5A122D82E11B003C8B42 /* Release */,
			);
			defaultConfigurationIsVisible = 0;
			defaultConfigurationName = Release;
		};
		EB4C5A132D82E11B003C8B42 /* Build configuration list for PBXNativeTarget "SwiftUILearningApp" */ = {
			isa = XCConfigurationList;
			buildConfigurations = (
				EB4C5A142D82E11B003C8B42 /* Debug */,
				EB4C5A152D82E11B003C8B42 /* Release */,
			);
			defaultConfigurationIsVisible = 0;
			defaultConfigurationName = Release;
		};
		EB4C5A162D82E11B003C8B42 /* Build configuration list for PBXNativeTarget "SwiftUILearningAppTests" */ = {
			isa = XCConfigurationList;
			buildConfigurations = (
				EB4C5A172D82E11B003C8B42 /* Debug */,
				EB4C5A182D82E11B003C8B42 /* Release */,
			);
			defaultConfigurationIsVisible = 0;
			defaultConfigurationName = Release;
		};
		EB4C5A192D82E11B003C8B42 /* Build configuration list for PBXNativeTarget "SwiftUILearningAppUITests" */ = {
			isa = XCConfigurationList;
			buildConfigurations = (
				EB4C5A1A2D82E11B003C8B42 /* Debug */,
				EB4C5A1B2D82E11B003C8B42 /* Release */,
			);
			defaultConfigurationIsVisible = 0;
			defaultConfigurationName = Release;
		};
/* End XCConfigurationList section */
	};
	rootObject = EB4C59E72D82E118003C8B42 /* Project object */;
}
